# THIS IS AN AUTOGENERATED FILE. DO NOT EDIT THIS FILE DIRECTLY.
# yarn lockfile v1


"@angular/animations@~13.2.0", "@angular/animations@13.2.4":
  "integrity" "sha512-+vuov1+UPD6KIxkI56n4gxNp72hpPmmzwY+r8M+MzyB/UUTBQY8RX0dmgvXJ2zejy08dd9eF+7qmRGK1Nwjszg=="
  "resolved" "https://registry.npmjs.org/@angular/animations/-/animations-13.2.4.tgz"
  "version" "13.2.4"
  dependencies:
    "tslib" "^2.3.0"

"@angular/common@~13.2.0", "@angular/common@13.2.4":
  "integrity" "sha512-telHfROR8QYZ0IE7rZF8yQG4PkKIZ9oKpl3HwybSzTTbvWwHPtScqvr4b1oKjb0Q6F4OkH3QtrZ+PXMAp0Hv/w=="
  "resolved" "https://registry.npmjs.org/@angular/common/-/common-13.2.4.tgz"
  "version" "13.2.4"
  dependencies:
    "tslib" "^2.3.0"

"@angular/compiler@~13.2.0", "@angular/compiler@13.2.4":
  "integrity" "sha512-3lgeEPcpyWJeXaQeQy978s2Ut227pqbW1ALIO7JRngynj3zAZ9XsYwPi8xj1HS3MBWVdfHDDsWaIegqLPMZ5Jw=="
  "resolved" "https://registry.npmjs.org/@angular/compiler/-/compiler-13.2.4.tgz"
  "version" "13.2.4"
  dependencies:
    "tslib" "^2.3.0"

"@angular/core@~13.2.0", "@angular/core@13.2.4":
  "integrity" "sha512-cCgf8Crx86hvZQX8lc7Yy5fedRI4trAXYsysrJ7ISRohfFk31Z/W5BEpKO8CkX51Ja5IfJPyoI2DVVTvrwzsEQ=="
  "resolved" "https://registry.npmjs.org/@angular/core/-/core-13.2.4.tgz"
  "version" "13.2.4"
  dependencies:
    "tslib" "^2.3.0"

"@angular/forms@~13.2.0":
  "integrity" "sha512-XdWJZy4zfJ4ZGEhKZBceHAAozBQZPp1BRl7m2j09EV2I6l/nLdrYhgKGd4UBUtJWyXElPEuEgLiKKdmlPKF5eQ=="
  "resolved" "https://registry.npmjs.org/@angular/forms/-/forms-13.2.4.tgz"
  "version" "13.2.4"
  dependencies:
    "tslib" "^2.3.0"

"@angular/platform-browser-dynamic@~13.2.0":
  "integrity" "sha512-9GOG46hjxrSHAL0pO90LPcaGoGleqlhKgoeSd6MVjNHOU2B2JWMuiu3NmJa0PjYFzqC89b0ypRoitf68+XTEjA=="
  "resolved" "https://registry.npmjs.org/@angular/platform-browser-dynamic/-/platform-browser-dynamic-13.2.4.tgz"
  "version" "13.2.4"
  dependencies:
    "tslib" "^2.3.0"

"@angular/platform-browser@~13.2.0", "@angular/platform-browser@13.2.4":
  "integrity" "sha512-zyQ5wtCY+V+ww9Lx6fDdCYTJ7lRuszcN4eqogbtLak8uNnC+DjZSjNbgsrCwZ/v5q712DtCTQlSOFtRg9SWYug=="
  "resolved" "https://registry.npmjs.org/@angular/platform-browser/-/platform-browser-13.2.4.tgz"
  "version" "13.2.4"
  dependencies:
    "tslib" "^2.3.0"

"@angular/router@~13.2.0":
  "integrity" "sha512-ZNahK4W+DAHThGwCOkW2MN12/Zx9PgNL/DRhGyPpL8vBBIgmOjoLB5N5QWMICauIgGQ635oorSN6lGxX6ZPbCA=="
  "resolved" "https://registry.npmjs.org/@angular/router/-/router-13.2.4.tgz"
  "version" "13.2.4"
  dependencies:
    "tslib" "^2.3.0"

"@popperjs/core@^2.10.2":
  "integrity" "sha512-92FRmppjjqz29VMJ2dn+xdyXZBrMlE42AV6Kq6BwjWV7CNUW1hs2FtxSNLQE+gJhaZ6AAmYuO9y8dshhcBl7vA=="
  "resolved" "https://registry.npmjs.org/@popperjs/core/-/core-2.11.2.tgz"
  "version" "2.11.2"

"bootstrap@^5.1.3":
  "integrity" "sha512-fcQztozJ8jToQWXxVuEyXWW+dSo8AiXWKwiSSrKWsRB/Qt+Ewwza+JWoLKiTuQLaEPhdNAJ7+Dosc9DOIqNy7Q=="
  "resolved" "https://registry.npmjs.org/bootstrap/-/bootstrap-5.1.3.tgz"
  "version" "5.1.3"

"rxjs@^6.5.3 || ^7.4.0", "rxjs@~7.5.0":
  "integrity" "sha512-h5M3Hk78r6wAheJF0a5YahB1yRQKCsZ4MsGdZ5O9ETbVtjPcScGfrMmoOq7EBsCRzd4BDkvDJ7ogP8Sz5tTFiQ=="
  "resolved" "https://registry.npmjs.org/rxjs/-/rxjs-7.5.4.tgz"
  "version" "7.5.4"
  dependencies:
    "tslib" "^2.1.0"

"tslib@^2.0.0", "tslib@^2.1.0", "tslib@^2.3.0":
  "integrity" "sha512-77EbyPPpMz+FRFRuAFlWMtmgUWGe9UOG2Z25NqCwiIjRhOf5iKGuzSe5P2w1laq+FkRy4p+PCuVkJSGkzTEKVw=="
  "resolved" "https://registry.npmjs.org/tslib/-/tslib-2.3.1.tgz"
  "version" "2.3.1"

"zone.js@~0.11.4":
  "integrity" "sha512-DDh2Ab+A/B+9mJyajPjHFPWfYU1H+pdun4wnnk0OcQTNjem1XQSZ2CDW+rfZEUDjv5M19SBqAkjZi0x5wuB5Qw=="
  "resolved" "https://registry.npmjs.org/zone.js/-/zone.js-0.11.4.tgz"
  "version" "0.11.4"
  dependencies:
    "tslib" "^2.0.0"
